
Microsoft Visual Studio Solution File, Format Version 12.00
# Visual Studio Version 16
VisualStudioVersion = 16.0.30002.166
MinimumVisualStudioVersion = 10.0.40219.1
Project("{FAE04EC0-301F-11D3-BF4B-00C04F79EFBC}") = "quiz_Backend", "quiz_Backend.csproj", "{28AA5748-BE03-4A2C-BACF-0887498B410C}"
EndProject
Global
	GlobalSection(SolutionConfigurationPlatforms) = preSolution
		Debug|Any CPU = Debug|Any CPU
		Release|Any CPU = Release|Any CPU
	EndGlobalSection
	GlobalSection(ProjectConfigurationPlatforms) = postSolution
		{28AA5748-BE03-4A2C-BACF-0887498B410C}.Debug|Any CPU.ActiveCfg = Debug|Any CPU
		{28AA5748-BE03-4A2C-BACF-0887498B410C}.Debug|Any CPU.Build.0 = Debug|Any CPU
		{28AA5748-BE03-4A2C-BACF-0887498B410C}.Release|Any CPU.ActiveCfg = Release|Any CPU
		{28AA5748-BE03-4A2C-BACF-0887498B410C}.Release|Any CPU.Build.0 = Release|Any CPU
	EndGlobalSection
	GlobalSection(SolutionProperties) = preSolution
		HideSolutionNode = FALSE
	EndGlobalSection
	GlobalSection(ExtensibilityGlobals) = postSolution
		SolutionGuid = {86F067DC-C14E-4851-80A8-225AE1045AC0}
	EndGlobalSection
EndGlobal
